
Microsoft Visual Studio Solution File, Format Version 12.00
# Visual Studio 15
VisualStudioVersion = 15.0.26730.16
MinimumVisualStudioVersion = 10.0.40219.1
Project("{2150E333-8FDC-42A3-9474-1A3956D46DE8}") = "src", "src", "{86237511-C61D-4351-8390-B2971AE1858B}"
EndProject
Project("{2150E333-8FDC-42A3-9474-1A3956D46DE8}") = "test", "test", "{8215A85C-C432-415D-8BB6-608B2F36AF5D}"
EndProject
Project("{2150E333-8FDC-42A3-9474-1A3956D46DE8}") = "samples", "samples", "{FA4EF4DE-E38B-4009-B34C-59B79840EA6B}"
EndProject
Project("{9A19103F-16F7-4668-BE54-9A1E7A4F7556}") = "MicroNetCore.Data.Abstractions", "src\MicroNetCore.Data.Abstractions\MicroNetCore.Data.Abstractions.csproj", "{EA03F3E4-5769-41AD-87E6-8D9B5EEFC074}"
EndProject
Project("{9A19103F-16F7-4668-BE54-9A1E7A4F7556}") = "MicroNetCore.Data.Core", "src\MicroNetCore.Data.Core\MicroNetCore.Data.Core.csproj", "{88951CFC-E085-4EBC-AAE5-178974483AA5}"
EndProject
Project("{9A19103F-16F7-4668-BE54-9A1E7A4F7556}") = "MicroNetCore.Data.EfCore", "src\MicroNetCore.Data.EfCore\MicroNetCore.Data.EfCore.csproj", "{75324C4C-2E2B-45F0-A726-F57A652F543E}"
EndProject
Project("{9A19103F-16F7-4668-BE54-9A1E7A4F7556}") = "MicroNetCore.Data.EfCore.SqlServer", "src\MicroNetCore.Data.EfCore.SqlServer\MicroNetCore.Data.EfCore.SqlServer.csproj", "{2F2A31EB-C0C2-44AF-8CB5-E28A9BFE9E0A}"
EndProject
Project("{9A19103F-16F7-4668-BE54-9A1E7A4F7556}") = "MicroNetCore.Data.EfCore.SqlServer.Sample", "samples\MicroNetCore.Data.EfCore.SqlServer.Sample\MicroNetCore.Data.EfCore.SqlServer.Sample.csproj", "{9A8DA16C-3AE5-4101-B83E-CB8CC575111E}"
EndProject
Global
	GlobalSection(SolutionConfigurationPlatforms) = preSolution
		Debug|Any CPU = Debug|Any CPU
		Release|Any CPU = Release|Any CPU
	EndGlobalSection
	GlobalSection(ProjectConfigurationPlatforms) = postSolution
		{EA03F3E4-5769-41AD-87E6-8D9B5EEFC074}.Debug|Any CPU.ActiveCfg = Debug|Any CPU
		{EA03F3E4-5769-41AD-87E6-8D9B5EEFC074}.Debug|Any CPU.Build.0 = Debug|Any CPU
		{EA03F3E4-5769-41AD-87E6-8D9B5EEFC074}.Release|Any CPU.ActiveCfg = Release|Any CPU
		{EA03F3E4-5769-41AD-87E6-8D9B5EEFC074}.Release|Any CPU.Build.0 = Release|Any CPU
		{88951CFC-E085-4EBC-AAE5-178974483AA5}.Debug|Any CPU.ActiveCfg = Debug|Any CPU
		{88951CFC-E085-4EBC-AAE5-178974483AA5}.Debug|Any CPU.Build.0 = Debug|Any CPU
		{88951CFC-E085-4EBC-AAE5-178974483AA5}.Release|Any CPU.ActiveCfg = Release|Any CPU
		{88951CFC-E085-4EBC-AAE5-178974483AA5}.Release|Any CPU.Build.0 = Release|Any CPU
		{75324C4C-2E2B-45F0-A726-F57A652F543E}.Debug|Any CPU.ActiveCfg = Debug|Any CPU
		{75324C4C-2E2B-45F0-A726-F57A652F543E}.Debug|Any CPU.Build.0 = Debug|Any CPU
		{75324C4C-2E2B-45F0-A726-F57A652F543E}.Release|Any CPU.ActiveCfg = Release|Any CPU
		{75324C4C-2E2B-45F0-A726-F57A652F543E}.Release|Any CPU.Build.0 = Release|Any CPU
		{2F2A31EB-C0C2-44AF-8CB5-E28A9BFE9E0A}.Debug|Any CPU.ActiveCfg = Debug|Any CPU
		{2F2A31EB-C0C2-44AF-8CB5-E28A9BFE9E0A}.Debug|Any CPU.Build.0 = Debug|Any CPU
		{2F2A31EB-C0C2-44AF-8CB5-E28A9BFE9E0A}.Release|Any CPU.ActiveCfg = Release|Any CPU
		{2F2A31EB-C0C2-44AF-8CB5-E28A9BFE9E0A}.Release|Any CPU.Build.0 = Release|Any CPU
		{9A8DA16C-3AE5-4101-B83E-CB8CC575111E}.Debug|Any CPU.ActiveCfg = Debug|Any CPU
		{9A8DA16C-3AE5-4101-B83E-CB8CC575111E}.Debug|Any CPU.Build.0 = Debug|Any CPU
		{9A8DA16C-3AE5-4101-B83E-CB8CC575111E}.Release|Any CPU.ActiveCfg = Release|Any CPU
		{9A8DA16C-3AE5-4101-B83E-CB8CC575111E}.Release|Any CPU.Build.0 = Release|Any CPU
	EndGlobalSection
	GlobalSection(SolutionProperties) = preSolution
		HideSolutionNode = FALSE
	EndGlobalSection
	GlobalSection(NestedProjects) = preSolution
		{EA03F3E4-5769-41AD-87E6-8D9B5EEFC074} = {86237511-C61D-4351-8390-B2971AE1858B}
		{88951CFC-E085-4EBC-AAE5-178974483AA5} = {86237511-C61D-4351-8390-B2971AE1858B}
		{75324C4C-2E2B-45F0-A726-F57A652F543E} = {86237511-C61D-4351-8390-B2971AE1858B}
		{2F2A31EB-C0C2-44AF-8CB5-E28A9BFE9E0A} = {86237511-C61D-4351-8390-B2971AE1858B}
		{9A8DA16C-3AE5-4101-B83E-CB8CC575111E} = {FA4EF4DE-E38B-4009-B34C-59B79840EA6B}
	EndGlobalSection
	GlobalSection(ExtensibilityGlobals) = postSolution
		SolutionGuid = {EDD5DE74-F1EC-45E3-A381-AB6C8CDD6B74}
	EndGlobalSection
EndGlobal
